# This file is automatically @generated by Cargo.
# It is not intended for manual editing.
version = 4

[[package]]
name = "proc-macro2"
version = "1.0.107"
source = "registry+https://github.com/rust-lang/crates.io-index"
checksum = "985e7ec9bb745e6ce6535b544d84d6cd6f7ad8bd711c398938ae983b91a766d9"
dependencies = [
 "unicode-ident",
]

[[package]]
name = "quote"
version = "1.0.47"
source = "registry+https://github.com/rust-lang/crates.io-index"
checksum = "1fbf4db142a473a8d80c26bbf18454ed458bf8d26c8219c331daecfdbd079001"
dependencies = [
 "proc-macro2",
]

[[package]]
name = "svmm"
version = "0.1.0"
dependencies = [
 "usage-rs",
]

[[package]]
name = "syn"
version = "3.0.3"
source = "registry+https://github.com/rust-lang/crates.io-index"
checksum = "53e9bae58849f64dfa4f5d5ae372c8341f7305f82a3868709269343628b659a3"
dependencies = [
 "proc-macro2",
 "quote",
 "unicode-ident",
]

[[package]]
name = "unicode-ident"
version = "1.0.24"
source = "registry+https://github.com/rust-lang/crates.io-index"
checksum = "e6e4313cd5fcd3dad5cafa179702e2b244f760991f45397d14d4ebf38247da75"

[[package]]
name = "usage-argv"
version = "6.0.0"
source = "registry+https://github.com/rust-lang/crates.io-index"
checksum = "162179f728d278bd58665be652eee85d2ae555bf28128476d009e75e264f49d3"

[[package]]
name = "usage-derive"
version = "6.0.0"
source = "registry+https://github.com/rust-lang/crates.io-index"
checksum = "419bca1663d0d5c5fc5ed50b2150240f849310da92af5030daad6007959fa302"
dependencies = [
 "proc-macro2",
 "quote",
 "syn",
]

[[package]]
name = "usage-rs"
version = "6.0.0"
source = "registry+https://github.com/rust-lang/crates.io-index"
checksum = "7f6fbc51c1c0ecb24dc799c6002c20b39736d0ddf47fa1167a21014485eb40a5"
dependencies = [
 "usage-argv",
 "usage-derive",
 "usage-test",
]

[[package]]
name = "usage-test"
version = "6.0.0"
source = "registry+https://github.com/rust-lang/crates.io-index"
checksum = "05f487645613d586d484dfacb573c9e71daeaf95e44e342fb4e605a155bba87d"
dependencies = [
 "usage-argv",
]
