# @generated - this file is auto-generated by `mise lock` https://mise.jdx.dev/dev-tools/mise-lock.html

[[tools.age]]
version = "1.3.1"
backend = "aqua:FiloSottile/age"

[[tools.ffmpeg]]
version = "9.0.1"
backend = "asdf:ffmpeg"

[[tools.fnox]]
version = "1.33.0"
backend = "github:jdx/fnox"

[[tools.hk]]
version = "1.55.0"
backend = "aqua:jdx/hk"

[tools.hk."platforms.linux-arm64"]
checksum = "sha256:64c44aa0f26e995f7d9c44cc9c5116e20052bcefc821daf17ce3df265bb0b2d6"
url = "https://github.com/jdx/hk/releases/download/v1.55.0/hk-aarch64-unknown-linux-gnu.tar.gz"
url_api = "https://api.github.com/repos/jdx/hk/releases/assets/510729669"

[tools.hk."platforms.linux-arm64-musl"]
checksum = "sha256:21eccba81a4b9ac73431d876d8ed5add16a01df360f6d3d576279903254599f6"
url = "https://github.com/jdx/hk/releases/download/v1.55.0/hk-aarch64-unknown-linux-musl.tar.gz"
url_api = "https://api.github.com/repos/jdx/hk/releases/assets/510729671"

[tools.hk."platforms.linux-x64"]
checksum = "sha256:efd6ed276ae8a26cc95fcb8c83051d9a3fd05e124d38170c0f057a716e9de94d"
url = "https://github.com/jdx/hk/releases/download/v1.55.0/hk-x86_64-unknown-linux-gnu.tar.gz"
url_api = "https://api.github.com/repos/jdx/hk/releases/assets/510729679"

[tools.hk."platforms.linux-x64-musl"]
checksum = "sha256:f00e04f536bec16bbc8c7cf8696f834d6ad80ddbcc1e653e3110d12ee4de2b42"
url = "https://github.com/jdx/hk/releases/download/v1.55.0/hk-x86_64-unknown-linux-musl.tar.gz"
url_api = "https://api.github.com/repos/jdx/hk/releases/assets/510729680"

[tools.hk."platforms.macos-arm64"]
checksum = "sha256:a995ff68402bcf6c16ab054e4c45db592213bcd661c9b92003d4a62f2d56d4b1"
url = "https://github.com/jdx/hk/releases/download/v1.55.0/hk-aarch64-apple-darwin.tar.gz"
url_api = "https://api.github.com/repos/jdx/hk/releases/assets/510729670"

[tools.hk."platforms.windows-x64"]
checksum = "sha256:402b3c9c5f9a5b3cb8ab6229d0f6d169b122fc3db1e39fc2fa53421a1aa24fc5"
url = "https://github.com/jdx/hk/releases/download/v1.55.0/hk-x86_64-pc-windows-msvc.zip"
url_api = "https://api.github.com/repos/jdx/hk/releases/assets/510729674"

[[tools.pkl]]
version = "0.32.1"
backend = "aqua:apple/pkl"

[tools.pkl."platforms.linux-arm64"]
checksum = "sha256:a76d2dd47da435a8f911b0347373f47c7e59ea54fb75ff846d20b8df10dba058"
url = "https://github.com/apple/pkl/releases/download/0.32.1/pkl-linux-aarch64"
url_api = "https://api.github.com/repos/apple/pkl/releases/assets/487426568"

[tools.pkl."platforms.linux-arm64-musl"]
checksum = "sha256:a76d2dd47da435a8f911b0347373f47c7e59ea54fb75ff846d20b8df10dba058"
url = "https://github.com/apple/pkl/releases/download/0.32.1/pkl-linux-aarch64"
url_api = "https://api.github.com/repos/apple/pkl/releases/assets/487426568"

[tools.pkl."platforms.linux-x64"]
checksum = "sha256:3180b62da95c0cad1d904e9bb6c5f4a8f9032413c21e53194bb91ff1ee5f3211"
url = "https://github.com/apple/pkl/releases/download/0.32.1/pkl-linux-amd64"
url_api = "https://api.github.com/repos/apple/pkl/releases/assets/487426567"

[tools.pkl."platforms.linux-x64-musl"]
checksum = "sha256:3180b62da95c0cad1d904e9bb6c5f4a8f9032413c21e53194bb91ff1ee5f3211"
url = "https://github.com/apple/pkl/releases/download/0.32.1/pkl-linux-amd64"
url_api = "https://api.github.com/repos/apple/pkl/releases/assets/487426567"

[tools.pkl."platforms.macos-arm64"]
checksum = "sha256:563eb51c9a20b16a3625464ed745c675ed9750381f2126722696a0d7cac1d9d3"
url = "https://github.com/apple/pkl/releases/download/0.32.1/pkl-macos-aarch64"
url_api = "https://api.github.com/repos/apple/pkl/releases/assets/487426570"

[tools.pkl."platforms.macos-x64"]
checksum = "sha256:5b74b903234047960144f66f2cebdd12d267d9b98e8155ed91d2ae5ed27e2d1f"
url = "https://github.com/apple/pkl/releases/download/0.32.1/pkl-macos-amd64"
url_api = "https://api.github.com/repos/apple/pkl/releases/assets/487426599"

[tools.pkl."platforms.windows-x64"]
checksum = "sha256:8550a00fcf027335e42c5e2cd553b88e98845408cb1880b3e3d1860caf46d22a"
url = "https://github.com/apple/pkl/releases/download/0.32.1/pkl-windows-amd64.exe"
url_api = "https://api.github.com/repos/apple/pkl/releases/assets/487426668"

[[tools.rust]]
version = "1.97.1"
backend = "core:rust"
